
Microsoft Visual Studio Solution File, Format Version 12.00
# Visual Studio Version 17
VisualStudioVersion = 17.4.33122.133
MinimumVisualStudioVersion = 10.0.40219.1
Project("{FAE04EC0-301F-11D3-BF4B-00C04F79EFBC}") = "FlpExporter", "FlpExporter\FlpExporter.csproj", "{B693BB65-D6B4-4D8B-8168-082CBB77DA61}"
EndProject
Project("{FAE04EC0-301F-11D3-BF4B-00C04F79EFBC}") = "FlpExporterConsoleUI", "FlpExporterConsoleUI\FlpExporterConsoleUI.csproj", "{D369FAF8-71B0-4214-B077-A12D621CD3FC}"
EndProject
Global
	GlobalSection(SolutionConfigurationPlatforms) = preSolution
		Debug|Any CPU = Debug|Any CPU
		Release|Any CPU = Release|Any CPU
	EndGlobalSection
	GlobalSection(ProjectConfigurationPlatforms) = postSolution
		{B693BB65-D6B4-4D8B-8168-082CBB77DA61}.Debug|Any CPU.ActiveCfg = Debug|Any CPU
		{B693BB65-D6B4-4D8B-8168-082CBB77DA61}.Debug|Any CPU.Build.0 = Debug|Any CPU
		{B693BB65-D6B4-4D8B-8168-082CBB77DA61}.Release|Any CPU.ActiveCfg = Release|Any CPU
		{B693BB65-D6B4-4D8B-8168-082CBB77DA61}.Release|Any CPU.Build.0 = Release|Any CPU
		{D369FAF8-71B0-4214-B077-A12D621CD3FC}.Debug|Any CPU.ActiveCfg = Debug|Any CPU
		{D369FAF8-71B0-4214-B077-A12D621CD3FC}.Debug|Any CPU.Build.0 = Debug|Any CPU
		{D369FAF8-71B0-4214-B077-A12D621CD3FC}.Release|Any CPU.ActiveCfg = Release|Any CPU
		{D369FAF8-71B0-4214-B077-A12D621CD3FC}.Release|Any CPU.Build.0 = Release|Any CPU
	EndGlobalSection
	GlobalSection(SolutionProperties) = preSolution
		HideSolutionNode = FALSE
	EndGlobalSection
	GlobalSection(ExtensibilityGlobals) = postSolution
		SolutionGuid = {DDA360D6-80F6-4A87-A945-722FEBE73892}
	EndGlobalSection
EndGlobal
